PODS:
  - HockeySDK-Mac (2.1.0)
  - MASShortcut (1.2.3)

DEPENDENCIES:
  - HockeySDK-Mac (~> 2.1.0)
  - MASShortcut (from `git@github.com:RobotsAndPencils/MASShortcut.git`, branch `initWithCoder`)

EXTERNAL SOURCES:
  MASShortcut:
    :branch: initWithCoder
    :git: git@github.com:RobotsAndPencils/MASShortcut.git

SPEC CHECKSUMS:
  HockeySDK-Mac: b833b385b4fb66932d760fbcb47733a1544d867c
  MASShortcut: e67441d037a95c1978fae7405e5dae7f54afc2bd

COCOAPODS: 0.34.1
